{
  "name": "gt-chart",
  "version": "1.0.0",
  "lockfileVersion": 3,
  "requires": true,
  "packages": {
    "": {
      "name": "gt-chart",
      "version": "1.0.0",
      "license": "ISC",
      "dependencies": {
        "scichart": "^3.3.586",
        "typescript": "^5.4.5"
      }
    },
    "node_modules/scichart": {
      "version": "3.3.586",
      "resolved": "https://registry.npmjs.org/scichart/-/scichart-3.3.586.tgz",
      "integrity": "sha512-1H6sGukpSrWRpQEU3s5Ad/j+dzSxWKtD0z0sIPgSTDM9gEhSvffo2DOE3DfrGVYboAO9phZmXmFa277cbrQZnQ=="
    },
    "node_modules/typescript": {
      "version": "5.4.5",
      "resolved": "https://registry.npmjs.org/typescript/-/typescript-5.4.5.tgz",
      "integrity": "sha512-vcI4UpRgg81oIRUFwR0WSIHKt11nJ7SAVlYNIu+QpqeyXP+gpQJy/Z4+F0aGxSE4MqwjyXvW/TzgkLAx2AGHwQ==",
      "bin": {
        "tsc": "bin/tsc",
        "tsserver": "bin/tsserver"
      },
      "engines": {
        "node": ">=14.17"
      }
    }
  }
}
