{
  "name": "gt-chart",
  "version": "1.0.0",
  "lockfileVersion": 3,
  "requires": true,
  "packages": {
    "": {
      "name": "gt-chart",
      "version": "1.0.0",
      "license": "ISC",
      "dependencies": {
        "scichart": "^3.3.586",
        "typescript": "^5.4.5"
      }
    },
    "node_modules/scichart": {
      "version": "3.4.672",
      "resolved": "https://registry.npmjs.org/scichart/-/scichart-3.4.672.tgz",
      "integrity": "sha512-Hoz4r9MQW2YKabWD1PLXgOKBG2mKAehj42mhNSjEOakDtHr5gGfvpJ4BxVP0VmRPkjIln1SJ13V+Acshs/DHdg=="
    },
    "node_modules/typescript": {
      "version": "5.6.3",
      "resolved": "https://registry.npmjs.org/typescript/-/typescript-5.6.3.tgz",
      "integrity": "sha512-hjcS1mhfuyi4WW8IWtjP7brDrG2cuDZukyrYrSauoXGNgx0S7zceP07adYkJycEr56BOUTNPzbInooiN3fn1qw==",
      "bin": {
        "tsc": "bin/tsc",
        "tsserver": "bin/tsserver"
      },
      "engines": {
        "node": ">=14.17"
      }
    }
  }
}
